
Microsoft Visual Studio Solution File, Format Version 12.00
# Visual Studio Version 17
VisualStudioVersion = 17.4.33110.190
MinimumVisualStudioVersion = 10.0.40219.1
Project("{FAE04EC0-301F-11D3-BF4B-00C04F79EFBC}") = "Task1", "ConsoleApp_Exercise9.6_SkillFactory_Csh-dev\Task1.csproj", "{88C37177-18D7-4BB1-9283-1C09DD810BC9}"
EndProject
Project("{FAE04EC0-301F-11D3-BF4B-00C04F79EFBC}") = "Task2", "Task2\Task2.csproj", "{33112891-9200-4316-97CA-85F161CEA695}"
EndProject
Global
	GlobalSection(SolutionConfigurationPlatforms) = preSolution
		Debug|Any CPU = Debug|Any CPU
		Release|Any CPU = Release|Any CPU
	EndGlobalSection
	GlobalSection(ProjectConfigurationPlatforms) = postSolution
		{88C37177-18D7-4BB1-9283-1C09DD810BC9}.Debug|Any CPU.ActiveCfg = Debug|Any CPU
		{88C37177-18D7-4BB1-9283-1C09DD810BC9}.Debug|Any CPU.Build.0 = Debug|Any CPU
		{88C37177-18D7-4BB1-9283-1C09DD810BC9}.Release|Any CPU.ActiveCfg = Release|Any CPU
		{88C37177-18D7-4BB1-9283-1C09DD810BC9}.Release|Any CPU.Build.0 = Release|Any CPU
		{33112891-9200-4316-97CA-85F161CEA695}.Debug|Any CPU.ActiveCfg = Debug|Any CPU
		{33112891-9200-4316-97CA-85F161CEA695}.Debug|Any CPU.Build.0 = Debug|Any CPU
		{33112891-9200-4316-97CA-85F161CEA695}.Release|Any CPU.ActiveCfg = Release|Any CPU
		{33112891-9200-4316-97CA-85F161CEA695}.Release|Any CPU.Build.0 = Release|Any CPU
	EndGlobalSection
	GlobalSection(SolutionProperties) = preSolution
		HideSolutionNode = FALSE
	EndGlobalSection
	GlobalSection(ExtensibilityGlobals) = postSolution
		SolutionGuid = {385D19E1-61A3-4021-B99B-483FCCC48E18}
	EndGlobalSection
EndGlobal
